
Microsoft Visual Studio Solution File, Format Version 12.00
# Visual Studio Version 16
VisualStudioVersion = 16.0.29613.14
MinimumVisualStudioVersion = 10.0.40219.1
Project("{2150E333-8FDC-42A3-9474-1A3956D46DE8}") = "Microservices", "Microservices", "{B641B7D1-1686-499B-A67E-0DA31970BEB2}"
EndProject
Project("{2150E333-8FDC-42A3-9474-1A3956D46DE8}") = "Domain", "Domain", "{158FD375-7247-469E-B922-900425504A0B}"
EndProject
Project("{2150E333-8FDC-42A3-9474-1A3956D46DE8}") = "Infra.Bus", "Infra.Bus", "{AA4B2A05-0868-4539-98CE-C110227097AA}"
EndProject
Project("{2150E333-8FDC-42A3-9474-1A3956D46DE8}") = "Infra.Ioc", "Infra.Ioc", "{BB625179-3721-4CFB-8FDD-9BE389BA882B}"
EndProject
Project("{2150E333-8FDC-42A3-9474-1A3956D46DE8}") = "Presentation", "Presentation", "{BC486FA1-0F99-4048-841A-D37C23EB97F2}"
EndProject
Project("{9A19103F-16F7-4668-BE54-9A1E7A4F7556}") = "FatalError.Micro.Core", "FatalError.Micro.Core\FatalError.Micro.Core.csproj", "{65952043-BE4C-458F-860A-8B5AD901952B}"
EndProject
Project("{9A19103F-16F7-4668-BE54-9A1E7A4F7556}") = "MicroRabbit.Infra.Bus", "MicroRabbit.Infra.Bus\MicroRabbit.Infra.Bus.csproj", "{CC346F49-6811-4D46-A784-5C49B3AA02CE}"
EndProject
Project("{9A19103F-16F7-4668-BE54-9A1E7A4F7556}") = "FatalError.Micro.Infra.IoC", "FatalError.Micro.Infra.IoC\FatalError.Micro.Infra.IoC.csproj", "{E30212FA-BD3F-435D-916F-34317F1BE14C}"
EndProject
Project("{2150E333-8FDC-42A3-9474-1A3956D46DE8}") = "Banking", "Banking", "{BFBD4205-83E7-4787-8552-002478EF9236}"
EndProject
Project("{2150E333-8FDC-42A3-9474-1A3956D46DE8}") = "Api", "Api", "{A639D689-09B3-4024-90E6-442D6BB54DF5}"
EndProject
Project("{2150E333-8FDC-42A3-9474-1A3956D46DE8}") = "Domain", "Domain", "{45641DBC-66C1-4753-AD3C-270D558C61D5}"
EndProject
Project("{2150E333-8FDC-42A3-9474-1A3956D46DE8}") = "Data", "Data", "{0DD36497-18F3-44DB-97A3-D16BC83EA4F8}"
EndProject
Project("{2150E333-8FDC-42A3-9474-1A3956D46DE8}") = "Application", "Application", "{8A4E376A-466B-4E23-8053-89AA8B6EDF40}"
EndProject
Project("{9A19103F-16F7-4668-BE54-9A1E7A4F7556}") = "MicroRabbit.Banking.Api", "MicroRabbit.Banking.Api\MicroRabbit.Banking.Api.csproj", "{459A71AC-9732-445E-8DA3-B8907894768F}"
EndProject
Project("{9A19103F-16F7-4668-BE54-9A1E7A4F7556}") = "MicroRabbit.Banking.Application", "MicroRabbit.Banking.Application\MicroRabbit.Banking.Application.csproj", "{B4349641-1E67-4E85-99E1-13DD0DC3FF76}"
EndProject
Project("{9A19103F-16F7-4668-BE54-9A1E7A4F7556}") = "MicroRabbit.Banking.Data", "MicroRabbit.Banking.Data\MicroRabbit.Banking.Data.csproj", "{B8662487-D97D-41F8-8CFD-38530F62F4B3}"
EndProject
Project("{9A19103F-16F7-4668-BE54-9A1E7A4F7556}") = "MicroRabbit.Banking.Domain", "MicroRabbit.Banking.Domain\MicroRabbit.Banking.Domain.csproj", "{F39326CF-22F9-4868-8D28-71676849F4E7}"
EndProject
Project("{2150E333-8FDC-42A3-9474-1A3956D46DE8}") = "Transfering", "Transfering", "{9DF83082-EA63-4B8D-8CC1-8C803544BACC}"
EndProject
Project("{2150E333-8FDC-42A3-9474-1A3956D46DE8}") = "Api", "Api", "{FAAAB313-B5CB-4163-A38F-455843DEFE4B}"
EndProject
Project("{2150E333-8FDC-42A3-9474-1A3956D46DE8}") = "Application", "Application", "{A54A91D6-7588-4AF6-AE90-EE52824D1F98}"
EndProject
Project("{2150E333-8FDC-42A3-9474-1A3956D46DE8}") = "Data", "Data", "{6E1DF444-D3F7-4CC9-BE6E-F75F7C8E769D}"
EndProject
Project("{2150E333-8FDC-42A3-9474-1A3956D46DE8}") = "Domain", "Domain", "{0EB38368-D113-42B8-A093-82E550E662B3}"
EndProject
Project("{FAE04EC0-301F-11D3-BF4B-00C04F79EFBC}") = "MicroRabbit.Transfering.Api", "MicroRabbit.Transfering.Api\MicroRabbit.Transfering.Api.csproj", "{C52E2491-CFAC-4297-A42E-42C16E489ACC}"
EndProject
Project("{FAE04EC0-301F-11D3-BF4B-00C04F79EFBC}") = "MicroRabbit.Transfering.Application", "MicroRabbit.Transfering.Application\MicroRabbit.Transfering.Application.csproj", "{E8DB04EA-0B4E-4499-A6A4-F221DAC83A4C}"
EndProject
Project("{FAE04EC0-301F-11D3-BF4B-00C04F79EFBC}") = "MicroRabbit.Transfering.Domain", "MicroRabbit.Transfering.Domain\MicroRabbit.Transfering.Domain.csproj", "{CC28354A-E577-4355-9765-A29FE98DEAAB}"
EndProject
Project("{FAE04EC0-301F-11D3-BF4B-00C04F79EFBC}") = "MicroRabbit.Transfering.Data", "MicroRabbit.Transfering.Data\MicroRabbit.Transfering.Data.csproj", "{F15FB77C-D128-4640-B7BC-746617390555}"
EndProject
Global
	GlobalSection(SolutionConfigurationPlatforms) = preSolution
		Debug|Any CPU = Debug|Any CPU
		Release|Any CPU = Release|Any CPU
	EndGlobalSection
	GlobalSection(ProjectConfigurationPlatforms) = postSolution
		{65952043-BE4C-458F-860A-8B5AD901952B}.Debug|Any CPU.ActiveCfg = Debug|Any CPU
		{65952043-BE4C-458F-860A-8B5AD901952B}.Debug|Any CPU.Build.0 = Debug|Any CPU
		{65952043-BE4C-458F-860A-8B5AD901952B}.Release|Any CPU.ActiveCfg = Release|Any CPU
		{65952043-BE4C-458F-860A-8B5AD901952B}.Release|Any CPU.Build.0 = Release|Any CPU
		{CC346F49-6811-4D46-A784-5C49B3AA02CE}.Debug|Any CPU.ActiveCfg = Debug|Any CPU
		{CC346F49-6811-4D46-A784-5C49B3AA02CE}.Debug|Any CPU.Build.0 = Debug|Any CPU
		{CC346F49-6811-4D46-A784-5C49B3AA02CE}.Release|Any CPU.ActiveCfg = Release|Any CPU
		{CC346F49-6811-4D46-A784-5C49B3AA02CE}.Release|Any CPU.Build.0 = Release|Any CPU
		{E30212FA-BD3F-435D-916F-34317F1BE14C}.Debug|Any CPU.ActiveCfg = Debug|Any CPU
		{E30212FA-BD3F-435D-916F-34317F1BE14C}.Debug|Any CPU.Build.0 = Debug|Any CPU
		{E30212FA-BD3F-435D-916F-34317F1BE14C}.Release|Any CPU.ActiveCfg = Release|Any CPU
		{E30212FA-BD3F-435D-916F-34317F1BE14C}.Release|Any CPU.Build.0 = Release|Any CPU
		{459A71AC-9732-445E-8DA3-B8907894768F}.Debug|Any CPU.ActiveCfg = Debug|Any CPU
		{459A71AC-9732-445E-8DA3-B8907894768F}.Debug|Any CPU.Build.0 = Debug|Any CPU
		{459A71AC-9732-445E-8DA3-B8907894768F}.Release|Any CPU.ActiveCfg = Release|Any CPU
		{459A71AC-9732-445E-8DA3-B8907894768F}.Release|Any CPU.Build.0 = Release|Any CPU
		{B4349641-1E67-4E85-99E1-13DD0DC3FF76}.Debug|Any CPU.ActiveCfg = Debug|Any CPU
		{B4349641-1E67-4E85-99E1-13DD0DC3FF76}.Debug|Any CPU.Build.0 = Debug|Any CPU
		{B4349641-1E67-4E85-99E1-13DD0DC3FF76}.Release|Any CPU.ActiveCfg = Release|Any CPU
		{B4349641-1E67-4E85-99E1-13DD0DC3FF76}.Release|Any CPU.Build.0 = Release|Any CPU
		{B8662487-D97D-41F8-8CFD-38530F62F4B3}.Debug|Any CPU.ActiveCfg = Debug|Any CPU
		{B8662487-D97D-41F8-8CFD-38530F62F4B3}.Debug|Any CPU.Build.0 = Debug|Any CPU
		{B8662487-D97D-41F8-8CFD-38530F62F4B3}.Release|Any CPU.ActiveCfg = Release|Any CPU
		{B8662487-D97D-41F8-8CFD-38530F62F4B3}.Release|Any CPU.Build.0 = Release|Any CPU
		{F39326CF-22F9-4868-8D28-71676849F4E7}.Debug|Any CPU.ActiveCfg = Debug|Any CPU
		{F39326CF-22F9-4868-8D28-71676849F4E7}.Debug|Any CPU.Build.0 = Debug|Any CPU
		{F39326CF-22F9-4868-8D28-71676849F4E7}.Release|Any CPU.ActiveCfg = Release|Any CPU
		{F39326CF-22F9-4868-8D28-71676849F4E7}.Release|Any CPU.Build.0 = Release|Any CPU
		{C52E2491-CFAC-4297-A42E-42C16E489ACC}.Debug|Any CPU.ActiveCfg = Debug|Any CPU
		{C52E2491-CFAC-4297-A42E-42C16E489ACC}.Debug|Any CPU.Build.0 = Debug|Any CPU
		{C52E2491-CFAC-4297-A42E-42C16E489ACC}.Release|Any CPU.ActiveCfg = Release|Any CPU
		{C52E2491-CFAC-4297-A42E-42C16E489ACC}.Release|Any CPU.Build.0 = Release|Any CPU
		{E8DB04EA-0B4E-4499-A6A4-F221DAC83A4C}.Debug|Any CPU.ActiveCfg = Debug|Any CPU
		{E8DB04EA-0B4E-4499-A6A4-F221DAC83A4C}.Debug|Any CPU.Build.0 = Debug|Any CPU
		{E8DB04EA-0B4E-4499-A6A4-F221DAC83A4C}.Release|Any CPU.ActiveCfg = Release|Any CPU
		{E8DB04EA-0B4E-4499-A6A4-F221DAC83A4C}.Release|Any CPU.Build.0 = Release|Any CPU
		{CC28354A-E577-4355-9765-A29FE98DEAAB}.Debug|Any CPU.ActiveCfg = Debug|Any CPU
		{CC28354A-E577-4355-9765-A29FE98DEAAB}.Debug|Any CPU.Build.0 = Debug|Any CPU
		{CC28354A-E577-4355-9765-A29FE98DEAAB}.Release|Any CPU.ActiveCfg = Release|Any CPU
		{CC28354A-E577-4355-9765-A29FE98DEAAB}.Release|Any CPU.Build.0 = Release|Any CPU
		{F15FB77C-D128-4640-B7BC-746617390555}.Debug|Any CPU.ActiveCfg = Debug|Any CPU
		{F15FB77C-D128-4640-B7BC-746617390555}.Debug|Any CPU.Build.0 = Debug|Any CPU
		{F15FB77C-D128-4640-B7BC-746617390555}.Release|Any CPU.ActiveCfg = Release|Any CPU
		{F15FB77C-D128-4640-B7BC-746617390555}.Release|Any CPU.Build.0 = Release|Any CPU
	EndGlobalSection
	GlobalSection(SolutionProperties) = preSolution
		HideSolutionNode = FALSE
	EndGlobalSection
	GlobalSection(NestedProjects) = preSolution
		{65952043-BE4C-458F-860A-8B5AD901952B} = {158FD375-7247-469E-B922-900425504A0B}
		{CC346F49-6811-4D46-A784-5C49B3AA02CE} = {AA4B2A05-0868-4539-98CE-C110227097AA}
		{E30212FA-BD3F-435D-916F-34317F1BE14C} = {BB625179-3721-4CFB-8FDD-9BE389BA882B}
		{BFBD4205-83E7-4787-8552-002478EF9236} = {B641B7D1-1686-499B-A67E-0DA31970BEB2}
		{A639D689-09B3-4024-90E6-442D6BB54DF5} = {BFBD4205-83E7-4787-8552-002478EF9236}
		{45641DBC-66C1-4753-AD3C-270D558C61D5} = {BFBD4205-83E7-4787-8552-002478EF9236}
		{0DD36497-18F3-44DB-97A3-D16BC83EA4F8} = {BFBD4205-83E7-4787-8552-002478EF9236}
		{8A4E376A-466B-4E23-8053-89AA8B6EDF40} = {BFBD4205-83E7-4787-8552-002478EF9236}
		{459A71AC-9732-445E-8DA3-B8907894768F} = {A639D689-09B3-4024-90E6-442D6BB54DF5}
		{B4349641-1E67-4E85-99E1-13DD0DC3FF76} = {8A4E376A-466B-4E23-8053-89AA8B6EDF40}
		{B8662487-D97D-41F8-8CFD-38530F62F4B3} = {0DD36497-18F3-44DB-97A3-D16BC83EA4F8}
		{F39326CF-22F9-4868-8D28-71676849F4E7} = {45641DBC-66C1-4753-AD3C-270D558C61D5}
		{9DF83082-EA63-4B8D-8CC1-8C803544BACC} = {B641B7D1-1686-499B-A67E-0DA31970BEB2}
		{FAAAB313-B5CB-4163-A38F-455843DEFE4B} = {9DF83082-EA63-4B8D-8CC1-8C803544BACC}
		{A54A91D6-7588-4AF6-AE90-EE52824D1F98} = {9DF83082-EA63-4B8D-8CC1-8C803544BACC}
		{6E1DF444-D3F7-4CC9-BE6E-F75F7C8E769D} = {9DF83082-EA63-4B8D-8CC1-8C803544BACC}
		{0EB38368-D113-42B8-A093-82E550E662B3} = {9DF83082-EA63-4B8D-8CC1-8C803544BACC}
		{C52E2491-CFAC-4297-A42E-42C16E489ACC} = {FAAAB313-B5CB-4163-A38F-455843DEFE4B}
		{E8DB04EA-0B4E-4499-A6A4-F221DAC83A4C} = {A54A91D6-7588-4AF6-AE90-EE52824D1F98}
		{CC28354A-E577-4355-9765-A29FE98DEAAB} = {0EB38368-D113-42B8-A093-82E550E662B3}
		{F15FB77C-D128-4640-B7BC-746617390555} = {6E1DF444-D3F7-4CC9-BE6E-F75F7C8E769D}
	EndGlobalSection
	GlobalSection(ExtensibilityGlobals) = postSolution
		SolutionGuid = {93B1B377-BC1D-48F5-A579-3749AA718825}
	EndGlobalSection
EndGlobal
